
Microsoft Visual Studio Solution File, Format Version 12.00
# Visual Studio 15
VisualStudioVersion = 15.0.28307.136
MinimumVisualStudioVersion = 10.0.40219.1
Project("{8BC9CEB8-8B4A-11D0-8D11-00A0C91BC942}") = "Vector", "Vector\Vector.vcxproj", "{D15FE5D2-5179-4CAD-9730-6E8B9DDE6703}"
EndProject
Global
	GlobalSection(SolutionConfigurationPlatforms) = preSolution
		Debug|x64 = Debug|x64
		Debug|x86 = Debug|x86
		Release|x64 = Release|x64
		Release|x86 = Release|x86
	EndGlobalSection
	GlobalSection(ProjectConfigurationPlatforms) = postSolution
		{D15FE5D2-5179-4CAD-9730-6E8B9DDE6703}.Debug|x64.ActiveCfg = Debug|x64
		{D15FE5D2-5179-4CAD-9730-6E8B9DDE6703}.Debug|x64.Build.0 = Debug|x64
		{D15FE5D2-5179-4CAD-9730-6E8B9DDE6703}.Debug|x86.ActiveCfg = Debug|Win32
		{D15FE5D2-5179-4CAD-9730-6E8B9DDE6703}.Debug|x86.Build.0 = Debug|Win32
		{D15FE5D2-5179-4CAD-9730-6E8B9DDE6703}.Release|x64.ActiveCfg = Release|x64
		{D15FE5D2-5179-4CAD-9730-6E8B9DDE6703}.Release|x64.Build.0 = Release|x64
		{D15FE5D2-5179-4CAD-9730-6E8B9DDE6703}.Release|x86.ActiveCfg = Release|Win32
		{D15FE5D2-5179-4CAD-9730-6E8B9DDE6703}.Release|x86.Build.0 = Release|Win32
	EndGlobalSection
	GlobalSection(SolutionProperties) = preSolution
		HideSolutionNode = FALSE
	EndGlobalSection
	GlobalSection(ExtensibilityGlobals) = postSolution
		SolutionGuid = {4B90E00C-D568-4AF6-9266-CB0167203656}
	EndGlobalSection
EndGlobal
